
Microsoft Visual Studio Solution File, Format Version 12.00
# Visual Studio Version 17
VisualStudioVersion = 17.3.32929.385
MinimumVisualStudioVersion = 10.0.40219.1
Project("{2150E333-8FDC-42A3-9474-1A3956D46DE8}") = "src", "src", "{F4772D35-42C2-4957-9E76-A12320B7EBB4}"
EndProject
Project("{2150E333-8FDC-42A3-9474-1A3956D46DE8}") = "Catalog", "Catalog", "{A2A632B4-C32D-4BA1-BDD8-7CEDC1A5EEFD}"
EndProject
Project("{9A19103F-16F7-4668-BE54-9A1E7A4F7556}") = "Catalog.API", "src\Catalog\Catalog.API\Catalog.API.csproj", "{CFB7578F-962B-4B61-A3D0-B656B073AD02}"
EndProject
Project("{E53339B2-1760-4266-BCC7-CA923CBCF16C}") = "docker-compose", "docker-compose.dcproj", "{DDA06672-1649-4D78-A689-FF7B8FA75C48}"
EndProject
Project("{2150E333-8FDC-42A3-9474-1A3956D46DE8}") = "Basket", "Basket", "{8CBBB32B-9AF5-4380-A4D1-70A08943AEFB}"
EndProject
Project("{9A19103F-16F7-4668-BE54-9A1E7A4F7556}") = "Basket.API", "src\Basket\Basket.API\Basket.API.csproj", "{886CFEB9-10ED-45D6-9708-170EEB182307}"
EndProject
Project("{2150E333-8FDC-42A3-9474-1A3956D46DE8}") = "Common", "Common", "{ACE3D8E9-3A35-487C-91CA-F0D5F4819CEC}"
EndProject
Project("{9A19103F-16F7-4668-BE54-9A1E7A4F7556}") = "EventBus.RabbitMQ", "src\Common\EventBus.RabbitMQ\EventBus.RabbitMQ.csproj", "{872E7B31-4260-4C44-964E-3E7FA7F4AE54}"
EndProject
Project("{2150E333-8FDC-42A3-9474-1A3956D46DE8}") = "Ordering", "Ordering", "{0BF82BE8-7DA3-47E7-A45E-F7B746B78005}"
EndProject
Project("{9A19103F-16F7-4668-BE54-9A1E7A4F7556}") = "Ordering.API", "src\Ordering\Ordering.API\Ordering.API.csproj", "{7881E553-0391-4CA9-B48A-0278A9DA2EC9}"
EndProject
Project("{9A19103F-16F7-4668-BE54-9A1E7A4F7556}") = "Ordering.Core", "src\Ordering\Ordering.Core\Ordering.Core.csproj", "{1A5AFE4B-1AF0-482A-B113-E23AA6F7B5F8}"
EndProject
Project("{9A19103F-16F7-4668-BE54-9A1E7A4F7556}") = "Ordering.Infrastructure", "src\Ordering\Ordering.Infrastructure\Ordering.Infrastructure.csproj", "{FADEE608-5214-46A7-A38E-ED2A474D164A}"
EndProject
Project("{9A19103F-16F7-4668-BE54-9A1E7A4F7556}") = "Ordering.Application", "src\Ordering\Ordering.Application\Ordering.Application.csproj", "{20040495-F2B7-4929-9F8E-DFA88DF3E7F8}"
EndProject
Project("{2150E333-8FDC-42A3-9474-1A3956D46DE8}") = "ApiGateway", "ApiGateway", "{9DD8CCAD-3142-4371-9C81-CCA9DB48ED05}"
EndProject
Project("{9A19103F-16F7-4668-BE54-9A1E7A4F7556}") = "Ocelot.ApiGateway", "src\ApiGateway\Ocelot.ApiGateway\Ocelot.ApiGateway.csproj", "{3DF8D606-E0C1-4F66-A070-2C1D6A6782EA}"
EndProject
Project("{2150E333-8FDC-42A3-9474-1A3956D46DE8}") = "WebApp", "WebApp", "{803C5C96-493E-43B5-9CAC-65F6F22B5DE1}"
EndProject
Project("{9A19103F-16F7-4668-BE54-9A1E7A4F7556}") = "AspnetRunBasics", "src\WebApp\AspnetRunBasics\AspnetRunBasics.csproj", "{79DA6365-6390-4F49-95F6-D38CA380C6C0}"
EndProject
Project("{9A19103F-16F7-4668-BE54-9A1E7A4F7556}") = "AspnetRunBasics.Orginal", "src\WebApp\AspnetRunBasics.Orginal\AspnetRunBasics.Orginal.csproj", "{695E0AD7-FE5E-437A-9182-20A898C59B7C}"
EndProject
Project("{2150E333-8FDC-42A3-9474-1A3956D46DE8}") = "Tests", "Tests", "{61336378-DEE7-48AF-8CBD-B71EE68AF15F}"
EndProject
Project("{2150E333-8FDC-42A3-9474-1A3956D46DE8}") = "Catalog", "Catalog", "{0E3521A1-8DE0-446A-A2FA-159B96F218D5}"
EndProject
Project("{FAE04EC0-301F-11D3-BF4B-00C04F79EFBC}") = "Catalog.API.Tests", "Tests\Catalog\Catalog.API.Tests\Catalog.API.Tests.csproj", "{40239C97-7E23-4315-84EE-E79DD375E2EA}"
EndProject
Global
	GlobalSection(SolutionConfigurationPlatforms) = preSolution
		Debug|Any CPU = Debug|Any CPU
		Release|Any CPU = Release|Any CPU
	EndGlobalSection
	GlobalSection(ProjectConfigurationPlatforms) = postSolution
		{CFB7578F-962B-4B61-A3D0-B656B073AD02}.Debug|Any CPU.ActiveCfg = Debug|Any CPU
		{CFB7578F-962B-4B61-A3D0-B656B073AD02}.Debug|Any CPU.Build.0 = Debug|Any CPU
		{CFB7578F-962B-4B61-A3D0-B656B073AD02}.Release|Any CPU.ActiveCfg = Release|Any CPU
		{CFB7578F-962B-4B61-A3D0-B656B073AD02}.Release|Any CPU.Build.0 = Release|Any CPU
		{DDA06672-1649-4D78-A689-FF7B8FA75C48}.Debug|Any CPU.ActiveCfg = Debug|Any CPU
		{DDA06672-1649-4D78-A689-FF7B8FA75C48}.Debug|Any CPU.Build.0 = Debug|Any CPU
		{DDA06672-1649-4D78-A689-FF7B8FA75C48}.Release|Any CPU.ActiveCfg = Release|Any CPU
		{DDA06672-1649-4D78-A689-FF7B8FA75C48}.Release|Any CPU.Build.0 = Release|Any CPU
		{886CFEB9-10ED-45D6-9708-170EEB182307}.Debug|Any CPU.ActiveCfg = Debug|Any CPU
		{886CFEB9-10ED-45D6-9708-170EEB182307}.Debug|Any CPU.Build.0 = Debug|Any CPU
		{886CFEB9-10ED-45D6-9708-170EEB182307}.Release|Any CPU.ActiveCfg = Release|Any CPU
		{886CFEB9-10ED-45D6-9708-170EEB182307}.Release|Any CPU.Build.0 = Release|Any CPU
		{872E7B31-4260-4C44-964E-3E7FA7F4AE54}.Debug|Any CPU.ActiveCfg = Debug|Any CPU
		{872E7B31-4260-4C44-964E-3E7FA7F4AE54}.Debug|Any CPU.Build.0 = Debug|Any CPU
		{872E7B31-4260-4C44-964E-3E7FA7F4AE54}.Release|Any CPU.ActiveCfg = Release|Any CPU
		{872E7B31-4260-4C44-964E-3E7FA7F4AE54}.Release|Any CPU.Build.0 = Release|Any CPU
		{7881E553-0391-4CA9-B48A-0278A9DA2EC9}.Debug|Any CPU.ActiveCfg = Debug|Any CPU
		{7881E553-0391-4CA9-B48A-0278A9DA2EC9}.Debug|Any CPU.Build.0 = Debug|Any CPU
		{7881E553-0391-4CA9-B48A-0278A9DA2EC9}.Release|Any CPU.ActiveCfg = Release|Any CPU
		{7881E553-0391-4CA9-B48A-0278A9DA2EC9}.Release|Any CPU.Build.0 = Release|Any CPU
		{1A5AFE4B-1AF0-482A-B113-E23AA6F7B5F8}.Debug|Any CPU.ActiveCfg = Debug|Any CPU
		{1A5AFE4B-1AF0-482A-B113-E23AA6F7B5F8}.Debug|Any CPU.Build.0 = Debug|Any CPU
		{1A5AFE4B-1AF0-482A-B113-E23AA6F7B5F8}.Release|Any CPU.ActiveCfg = Release|Any CPU
		{1A5AFE4B-1AF0-482A-B113-E23AA6F7B5F8}.Release|Any CPU.Build.0 = Release|Any CPU
		{FADEE608-5214-46A7-A38E-ED2A474D164A}.Debug|Any CPU.ActiveCfg = Debug|Any CPU
		{FADEE608-5214-46A7-A38E-ED2A474D164A}.Debug|Any CPU.Build.0 = Debug|Any CPU
		{FADEE608-5214-46A7-A38E-ED2A474D164A}.Release|Any CPU.ActiveCfg = Release|Any CPU
		{FADEE608-5214-46A7-A38E-ED2A474D164A}.Release|Any CPU.Build.0 = Release|Any CPU
		{20040495-F2B7-4929-9F8E-DFA88DF3E7F8}.Debug|Any CPU.ActiveCfg = Debug|Any CPU
		{20040495-F2B7-4929-9F8E-DFA88DF3E7F8}.Debug|Any CPU.Build.0 = Debug|Any CPU
		{20040495-F2B7-4929-9F8E-DFA88DF3E7F8}.Release|Any CPU.ActiveCfg = Release|Any CPU
		{20040495-F2B7-4929-9F8E-DFA88DF3E7F8}.Release|Any CPU.Build.0 = Release|Any CPU
		{3DF8D606-E0C1-4F66-A070-2C1D6A6782EA}.Debug|Any CPU.ActiveCfg = Debug|Any CPU
		{3DF8D606-E0C1-4F66-A070-2C1D6A6782EA}.Debug|Any CPU.Build.0 = Debug|Any CPU
		{3DF8D606-E0C1-4F66-A070-2C1D6A6782EA}.Release|Any CPU.ActiveCfg = Release|Any CPU
		{3DF8D606-E0C1-4F66-A070-2C1D6A6782EA}.Release|Any CPU.Build.0 = Release|Any CPU
		{79DA6365-6390-4F49-95F6-D38CA380C6C0}.Debug|Any CPU.ActiveCfg = Debug|Any CPU
		{79DA6365-6390-4F49-95F6-D38CA380C6C0}.Debug|Any CPU.Build.0 = Debug|Any CPU
		{79DA6365-6390-4F49-95F6-D38CA380C6C0}.Release|Any CPU.ActiveCfg = Release|Any CPU
		{79DA6365-6390-4F49-95F6-D38CA380C6C0}.Release|Any CPU.Build.0 = Release|Any CPU
		{695E0AD7-FE5E-437A-9182-20A898C59B7C}.Debug|Any CPU.ActiveCfg = Debug|Any CPU
		{695E0AD7-FE5E-437A-9182-20A898C59B7C}.Debug|Any CPU.Build.0 = Debug|Any CPU
		{695E0AD7-FE5E-437A-9182-20A898C59B7C}.Release|Any CPU.ActiveCfg = Release|Any CPU
		{695E0AD7-FE5E-437A-9182-20A898C59B7C}.Release|Any CPU.Build.0 = Release|Any CPU
		{40239C97-7E23-4315-84EE-E79DD375E2EA}.Debug|Any CPU.ActiveCfg = Debug|Any CPU
		{40239C97-7E23-4315-84EE-E79DD375E2EA}.Debug|Any CPU.Build.0 = Debug|Any CPU
		{40239C97-7E23-4315-84EE-E79DD375E2EA}.Release|Any CPU.ActiveCfg = Release|Any CPU
		{40239C97-7E23-4315-84EE-E79DD375E2EA}.Release|Any CPU.Build.0 = Release|Any CPU
	EndGlobalSection
	GlobalSection(SolutionProperties) = preSolution
		HideSolutionNode = FALSE
	EndGlobalSection
	GlobalSection(NestedProjects) = preSolution
		{A2A632B4-C32D-4BA1-BDD8-7CEDC1A5EEFD} = {F4772D35-42C2-4957-9E76-A12320B7EBB4}
		{CFB7578F-962B-4B61-A3D0-B656B073AD02} = {A2A632B4-C32D-4BA1-BDD8-7CEDC1A5EEFD}
		{8CBBB32B-9AF5-4380-A4D1-70A08943AEFB} = {F4772D35-42C2-4957-9E76-A12320B7EBB4}
		{886CFEB9-10ED-45D6-9708-170EEB182307} = {8CBBB32B-9AF5-4380-A4D1-70A08943AEFB}
		{ACE3D8E9-3A35-487C-91CA-F0D5F4819CEC} = {F4772D35-42C2-4957-9E76-A12320B7EBB4}
		{872E7B31-4260-4C44-964E-3E7FA7F4AE54} = {ACE3D8E9-3A35-487C-91CA-F0D5F4819CEC}
		{0BF82BE8-7DA3-47E7-A45E-F7B746B78005} = {F4772D35-42C2-4957-9E76-A12320B7EBB4}
		{7881E553-0391-4CA9-B48A-0278A9DA2EC9} = {0BF82BE8-7DA3-47E7-A45E-F7B746B78005}
		{1A5AFE4B-1AF0-482A-B113-E23AA6F7B5F8} = {0BF82BE8-7DA3-47E7-A45E-F7B746B78005}
		{FADEE608-5214-46A7-A38E-ED2A474D164A} = {0BF82BE8-7DA3-47E7-A45E-F7B746B78005}
		{20040495-F2B7-4929-9F8E-DFA88DF3E7F8} = {0BF82BE8-7DA3-47E7-A45E-F7B746B78005}
		{9DD8CCAD-3142-4371-9C81-CCA9DB48ED05} = {F4772D35-42C2-4957-9E76-A12320B7EBB4}
		{3DF8D606-E0C1-4F66-A070-2C1D6A6782EA} = {9DD8CCAD-3142-4371-9C81-CCA9DB48ED05}
		{803C5C96-493E-43B5-9CAC-65F6F22B5DE1} = {F4772D35-42C2-4957-9E76-A12320B7EBB4}
		{79DA6365-6390-4F49-95F6-D38CA380C6C0} = {803C5C96-493E-43B5-9CAC-65F6F22B5DE1}
		{695E0AD7-FE5E-437A-9182-20A898C59B7C} = {803C5C96-493E-43B5-9CAC-65F6F22B5DE1}
		{0E3521A1-8DE0-446A-A2FA-159B96F218D5} = {61336378-DEE7-48AF-8CBD-B71EE68AF15F}
		{40239C97-7E23-4315-84EE-E79DD375E2EA} = {0E3521A1-8DE0-446A-A2FA-159B96F218D5}
	EndGlobalSection
	GlobalSection(ExtensibilityGlobals) = postSolution
		SolutionGuid = {B1FCA346-2DA4-417D-A0EE-700EE83426B1}
	EndGlobalSection
EndGlobal
